github.com/andybalholm/brotli v1.0.0 h1:7UCwP93aiSfvWpapti8g88vVVGp2qqtGyePsSuDafo4=
github.com/andybalholm/brotli v1.0.0/go.mod h1:loMXtMfwqflxFJPmdbJO0a3KNoPuLBgiu3qAvBg8x/Y=
github.com/andybalholm/brotli v1.0.4 h1:V7DdXeJtZscaqfNuAdSRuRFzuiKlHSC/Zh3zl9qY3JY=
github.com/andybalholm/brotli v1.0.4/go.mod h1:fO7iG3H7G2nSZ7m0zPUDn85XEX2GTukHGRSepvi9Eig=
github.com/ashwanthkumar/slack-go-webhook v0.0.0-20200209025033-430dd4e66960 h1:MIEURpsIpyLyy+dZ+GnL8T5P49Tco0ik9cYaUQNnAxE=
github.com/ashwanthkumar/slack-go-webhook v0.0.0-20200209025033-430dd4e66960/go.mod h1:97O1qkjJBHSSaWJxsTShRIeFy0HWiygk+jnugO9aX3I=
github.com/fasthttp/websocket v1.4.3 h1:qjhRJ/rTy4KB8oBxljEC00SDt6HUY9jLRfM601SUdS4=
github.com/fasthttp/websocket v1.4.3/go.mod h1:5r4oKssgS7W6Zn6mPWap3NWzNPJNzUUh3baWTOhcYQk=
github.com/fasthttp/websocket v1.5.0 h1:B4zbe3xXyvIdnqjOZrafVFklCUq5ZLo/TqCt5JA1wLE=
github.com/fasthttp/websocket v1.5.0/go.mod h1:n0BlOQvJdPbTuBkZT0O5+jk/sp/1/VCzquR1BehI2F4=
github.com/google/uuid v1.3.0/go.mod h1:TIyPZe4MgqvfeYDBFedMoGGpEw/LqOeaOT+nhxU+yHo=
github.com/klauspost/compress v1.10.4 h1:jFzIFaf586tquEB5EhzQG0HwGNSlgAJpG53G6Ss11wc=
github.com/klauspost/compress v1.10.4/go.mod h1:aoV0uJVorq1K+umq18yTdKaF57EivdYsUV+/s2qKfXs=
github.com/klauspost/compress v1.14.1 h1:hLQYb23E8/fO+1u53d02A97a8UnsddcvYzq4ERRU4ds=
github.com/klauspost/compress v1.14.1/go.mod h1:/3/Vjq9QcHkK5uEr5lBEmyoZ1iFhe47etQ6QUkpK6sk=
github.com/parnurzeal/gorequest v0.2.16 h1:T/5x+/4BT+nj+3eSknXmCTnEVGSzFzPGdpqmUVVZXHQ=
github.com/parnurzeal/gorequest v0.2.16/go.mod h1:3Kh2QUMJoqw3icWAecsyzkpY7UzRfDhbRdTjtNwNiUE=
github.com/pkg/errors v0.9.1 h1:FEBLx1zS214owpjy7qsBeixbURkuhQAwrK5UwLGTwt4=
github.com/pkg/errors v0.9.1/go.mod h1:bwawxfHBFNV+L2hUp1rHADufV3IMtnDRdf1r5NINEl0=
github.com/savsgio/gotils v0.0.0-20200608150037-a5f6f5aef16c h1:2nF5+FZ4/qp7pZVL7fR6DEaSTzuDmNaFTyqp92/hwF8=
github.com/savsgio/gotils v0.0.0-20200608150037-a5f6f5aef16c/go.mod h1:TWNAOTaVzGOXq8RbEvHnhzA/A2sLZzgn0m6URjnukY8=
github.com/savsgio/gotils v0.0.0-20211223103454-d0aaa54c5899 h1:Orn7s+r1raRTBKLSc9DmbktTT04sL+vkzsbRD2Q8rOI=
github.com/savsgio/gotils v0.0.0-20211223103454-d0aaa54c5899/go.mod h1:oejLrk1Y/5zOF+c/aHtXqn3TFlzzbAgPWg8zBiAHDas=
github.com/valyala/bytebufferpool v1.0.0 h1:GqA5TC/0021Y/b9FG4Oi9Mr3q7XYx6KllzawFIhcdPw=
github.com/valyala/bytebufferpool v1.0.0/go.mod h1:6bBcMArwyJ5K/AmCkWv1jt77kVWyCJ6HpOuEn7z0Csc=
github.com/valyala/fasthttp v1.14.0 h1:67bfuW9azCMwW/Jlq/C+VeihNpAuJMWkYPBig1gdi3A=
github.com/valyala/fasthttp v1.14.0/go.mod h1:ol1PCaL0dX20wC0htZ7sYCsvCYmrouYra0zHzaclZhE=
github.com/valyala/fasthttp v1.33.0 h1:mHBKd98J5NcXuBddgjvim1i3kWzlng1SzLhrnBOU9g8=
github.com/valyala/fasthttp v1.33.0/go.mod h1:KJRK/MXx0J+yd0c5hlR+s1tIHD72sniU8ZJjl97LIw4=
github.com/valyala/tcplisten v0.0.0-20161114210144-ceec8f93295a/go.mod h1:v3UYOV9WzVtRmSR+PDvWpU/qWl4Wa5LApYYX4ZtKbio=
github.com/valyala/tcplisten v1.0.0/go.mod h1:T0xQ8SeCZGxckz9qRXTfG43PvQ/mcWh7FwZEA7Ioqkc=
golang.org/x/crypto v0.0.0-20190308221718-c2843e01d9a2/go.mod h1:djNgcEr1/C05ACkg1iLfiJU5Ep61QUkGW8qpdssI0+w=
golang.org/x/crypto v0.0.0-20220112180741-5e0467b6c7ce/go.mod h1:IxCIyHEi3zRg3s0A5j5BB6A9Jmi73HwBIUl50j+osU4=
golang.org/x/net v0.0.0-20200324143707-d3edc9973b7e h1:3G+cUijn7XD+S4eJFddp53Pv7+slrESplyjG25HgL+k=
golang.org/x/net v0.0.0-20200324143707-d3edc9973b7e/go.mod h1:qpuaurCH72eLCgpAm/N6yyVIVM9cpaDIP3A8BGJEC5A=
golang.org/x/net v0.0.0-20211112202133-69e39bad7dc2/go.mod h1:9nx3DQGgdP8bBQD5qxJ1jj9UTztislL4KSBs9R2vV5Y=
golang.org/x/net v0.0.0-20220111093109-d55c255bac03 h1:0FB83qp0AzVJm+0wcIlauAjJ+tNdh7jLuacRYCIVv7s=
golang.org/x/net v0.0.0-20220111093109-d55c255bac03/go.mod h1:9nx3DQGgdP8bBQD5qxJ1jj9UTztislL4KSBs9R2vV5Y=
golang.org/x/sys v0.0.0-20190215142949-d0b11bdaac8a/go.mod h1:STP8DvDyc/dI5b8T5hshtkjS+E42TnysNCUPdjciGhY=
golang.org/x/sys v0.0.0-20200323222414-85ca7c5b95cd/go.mod h1:h1NjWce9XRLGQEsW7wpKNCjG9DtNlClVuFLEZdDNbEs=
golang.org/x/sys v0.0.0-20201119102817-f84b799fce68/go.mod h1:h1NjWce9XRLGQEsW7wpKNCjG9DtNlClVuFLEZdDNbEs=
golang.org/x/sys v0.0.0-20210423082822-04245dca01da/go.mod h1:h1NjWce9XRLGQEsW7wpKNCjG9DtNlClVuFLEZdDNbEs=
golang.org/x/sys v0.0.0-20210615035016-665e8c7367d1/go.mod h1:oPkhp1MJrh7nUepCBck5+mAzfO9JrbApNNgaTdGDITg=
golang.org/x/sys v0.0.0-20220111092808-5a964db01320/go.mod h1:oPkhp1MJrh7nUepCBck5+mAzfO9JrbApNNgaTdGDITg=
golang.org/x/term v0.0.0-20201126162022-7de9c90e9dd1/go.mod h1:bj7SfCRtBDWHUb9snDiAeCFNEtKQo2Wmx5Cou7ajbmo=
golang.org/x/text v0.3.0/go.mod h1:NqM8EUOU14njkJ3fqMW+pc6Ldnwhi/IjpwHt7yyuwOQ=
golang.org/x/text v0.3.6/go.mod h1:5Zoc/QRtKVWzQhOtBMvqHzDpF6irO9z98xDceosuGiQ=
golang.org/x/text v0.3.7/go.mod h1:u+2+/6zg+i71rQMx5EYifcz6MCKuco9NR6JIITiCfzQ=
golang.org/x/tools v0.0.0-20180917221912-90fa682c2a6e/go.mod h1:n7NCudcB/nEzxVGmLbDWY5pfWTLqBcC2KZ6jyYvM4mQ=
moul.io/http2curl v1.0.0 h1:6XwpyZOYsgZJrU8exnG87ncVkU1FVCcTRpwzOkTDUi8=
moul.io/http2curl v1.0.0/go.mod h1:f6cULg+e4Md/oW1cYmwW4IWQOVl2lGbmCNGOHvzX2kE=
